
Microsoft Visual Studio Solution File, Format Version 12.00
# Visual Studio Version 16
VisualStudioVersion = 16.0.31702.278
MinimumVisualStudioVersion = 10.0.40219.1
Project("{9A19103F-16F7-4668-BE54-9A1E7A4F7556}") = "Skipy", "Skipy\Skipy.csproj", "{15AF8D32-4406-486D-A280-E863277DD92E}"
EndProject
Project("{9A19103F-16F7-4668-BE54-9A1E7A4F7556}") = "Skipy.Core", "Skipy.Core\Skipy.Core.csproj", "{C3BF27A1-74AE-4E61-969E-ABFD46385A01}"
EndProject
Project("{9A19103F-16F7-4668-BE54-9A1E7A4F7556}") = "Skipy.EntityFramework.Provider", "Skipy.EntityFramework.Provider\Skipy.EntityFramework.Provider.csproj", "{28C534A8-B02E-4A3E-8A47-6A4FD0859BDD}"
EndProject
Global
	GlobalSection(SolutionConfigurationPlatforms) = preSolution
		Debug|Any CPU = Debug|Any CPU
		Release|Any CPU = Release|Any CPU
	EndGlobalSection
	GlobalSection(ProjectConfigurationPlatforms) = postSolution
		{15AF8D32-4406-486D-A280-E863277DD92E}.Debug|Any CPU.ActiveCfg = Debug|Any CPU
		{15AF8D32-4406-486D-A280-E863277DD92E}.Debug|Any CPU.Build.0 = Debug|Any CPU
		{15AF8D32-4406-486D-A280-E863277DD92E}.Release|Any CPU.ActiveCfg = Release|Any CPU
		{15AF8D32-4406-486D-A280-E863277DD92E}.Release|Any CPU.Build.0 = Release|Any CPU
		{C3BF27A1-74AE-4E61-969E-ABFD46385A01}.Debug|Any CPU.ActiveCfg = Debug|Any CPU
		{C3BF27A1-74AE-4E61-969E-ABFD46385A01}.Debug|Any CPU.Build.0 = Debug|Any CPU
		{C3BF27A1-74AE-4E61-969E-ABFD46385A01}.Release|Any CPU.ActiveCfg = Release|Any CPU
		{C3BF27A1-74AE-4E61-969E-ABFD46385A01}.Release|Any CPU.Build.0 = Release|Any CPU
		{28C534A8-B02E-4A3E-8A47-6A4FD0859BDD}.Debug|Any CPU.ActiveCfg = Debug|Any CPU
		{28C534A8-B02E-4A3E-8A47-6A4FD0859BDD}.Debug|Any CPU.Build.0 = Debug|Any CPU
		{28C534A8-B02E-4A3E-8A47-6A4FD0859BDD}.Release|Any CPU.ActiveCfg = Release|Any CPU
		{28C534A8-B02E-4A3E-8A47-6A4FD0859BDD}.Release|Any CPU.Build.0 = Release|Any CPU
	EndGlobalSection
	GlobalSection(SolutionProperties) = preSolution
		HideSolutionNode = FALSE
	EndGlobalSection
	GlobalSection(ExtensibilityGlobals) = postSolution
		SolutionGuid = {D4F69A4A-04B2-4AF4-8231-40C33B112188}
	EndGlobalSection
	GlobalSection(MonoDevelopProperties) = preSolution
		version = 1.1.0
	EndGlobalSection
EndGlobal
